
Microsoft Visual Studio Solution File, Format Version 10.00
# Visual Studio 2008
Project("{8BC9CEB8-8B4A-11D0-8D11-00A0C91BC942}") = "1-ConnectDB", "1-ConnectDB\1-ConnectDB.vcproj", "{AAFBD3B8-DB7F-4FBB-BB87-AA98B4220D09}"
EndProject
Project("{8BC9CEB8-8B4A-11D0-8D11-00A0C91BC942}") = "A-DataSource", "A-DataSource\A-DataSource.vcproj", "{C04680E9-FB69-4A5F-BCA7-B239A12D0C9E}"
EndProject
Project("{8BC9CEB8-8B4A-11D0-8D11-00A0C91BC942}") = "B-SessionDemo", "B-SessionDemo\B-SessionDemo.vcproj", "{4A09F644-FC2D-4D21-A53F-1CEA3ECF137F}"
EndProject
Project("{8BC9CEB8-8B4A-11D0-8D11-00A0C91BC942}") = "C-CommandObj", "C-CommandObj\C-CommandObj.vcproj", "{DA025521-7ECE-43F0-88FF-881371B188EA}"
EndProject
Project("{8BC9CEB8-8B4A-11D0-8D11-00A0C91BC942}") = "D-ExcuteSQL", "D-ExcuteSQL\D-ExcuteSQL.vcproj", "{17B008D0-53E9-43D2-865B-7F5B4A2EB062}"
EndProject
Project("{8BC9CEB8-8B4A-11D0-8D11-00A0C91BC942}") = "E-RowSet", "E-RowSet\E-RowSet.vcproj", "{6652EEB0-8726-4B94-BC16-022DB01FE1A3}"
EndProject
Project("{8BC9CEB8-8B4A-11D0-8D11-00A0C91BC942}") = "F_Binding", "F_Binding\F_Binding.vcproj", "{E2D40773-F284-43AB-9160-FA7EDA8DB36D}"
EndProject
Project("{8BC9CEB8-8B4A-11D0-8D11-00A0C91BC942}") = "G-Delay", "G-Delay\G-Delay.vcproj", "{05107036-A610-4DC1-8A6F-4DA15FA9A075}"
EndProject
Project("{8BC9CEB8-8B4A-11D0-8D11-00A0C91BC942}") = "H-MultipleResults", "H-MultipleResults\H-MultipleResults.vcproj", "{51CD30E5-E6AD-4FE6-A309-7C08937B3C92}"
EndProject
Project("{8BC9CEB8-8B4A-11D0-8D11-00A0C91BC942}") = "I-ParamQuery", "I-ParamQuery\I-ParamQuery.vcproj", "{BFC524AA-4BD5-4A94-8B81-DA7CD0477A34}"
EndProject
Project("{8BC9CEB8-8B4A-11D0-8D11-00A0C91BC942}") = "J-OutputInput", "J-OutputInput\J-OutputInput.vcproj", "{6474B718-CC88-4F56-83E3-7665AE118542}"
EndProject
Project("{8BC9CEB8-8B4A-11D0-8D11-00A0C91BC942}") = "K-EnumDataSource", "K-EnumDataSource\K-EnumDataSource.vcproj", "{E865EA41-7B67-40DD-A289-B47B4B0B904C}"
EndProject
Project("{8BC9CEB8-8B4A-11D0-8D11-00A0C91BC942}") = "L-Table", "L-Table\L-Table.vcproj", "{7C52F156-3C6D-4DED-A8DB-C02997EF0122}"
EndProject
Project("{8BC9CEB8-8B4A-11D0-8D11-00A0C91BC942}") = "M-Schema", "M-Schema\M-Schema.vcproj", "{A133FDB2-86DD-43BE-97CC-C3811BE3E6F6}"
EndProject
Project("{8BC9CEB8-8B4A-11D0-8D11-00A0C91BC942}") = "N-InsertBLOB", "N-InsertBLOB\N-InsertBLOB.vcproj", "{2C310422-8523-4580-A8E3-56555B50312E}"
EndProject
Project("{8BC9CEB8-8B4A-11D0-8D11-00A0C91BC942}") = "O-ReadBlob", "O-ReadBlob\O-ReadBlob.vcproj", "{08756827-4A12-46D6-9864-96F86C67069C}"
EndProject
Project("{8BC9CEB8-8B4A-11D0-8D11-00A0C91BC942}") = "P-StructBind", "P-StructBind\P-StructBind.vcproj", "{5C8639AC-86A8-4F0B-A58D-04ADA09339EE}"
EndProject
Project("{8BC9CEB8-8B4A-11D0-8D11-00A0C91BC942}") = "Q-DataTimeType", "Q-DataTimeType\Q-DataTimeType.vcproj", "{B99F5D6B-B145-4916-85B2-70212DA6E649}"
EndProject
Project("{8BC9CEB8-8B4A-11D0-8D11-00A0C91BC942}") = "R-DataConvert", "R-DataConvert\R-DataConvert.vcproj", "{7F0E6477-1BE5-4E8D-96BE-E18326B208C6}"
EndProject
Project("{8BC9CEB8-8B4A-11D0-8D11-00A0C91BC942}") = "S-RowsetChangeEvent", "S-RowsetChangeEvent\S-RowsetChangeEvent.vcproj", "{35F18324-5CAF-4C85-BC0A-C378D71E2A68}"
EndProject
Project("{8BC9CEB8-8B4A-11D0-8D11-00A0C91BC942}") = "T-RowsetFind", "T-RowsetFind\T-RowsetFind.vcproj", "{9F8BF1EE-CFF0-42F7-A95C-9887F1AF23EF}"
EndProject
Project("{8BC9CEB8-8B4A-11D0-8D11-00A0C91BC942}") = "U-ErrorHandle", "U-ErrorHandle\U-ErrorHandle.vcproj", "{BD7C74C8-EF3F-4A2F-9147-2D4761D0F352}"
EndProject
Project("{8BC9CEB8-8B4A-11D0-8D11-00A0C91BC942}") = "V-Transaction", "V-Transaction\V-Transaction.vcproj", "{8B5D7C4D-3DDD-4DC6-98C9-DD935C46C644}"
EndProject
Project("{8BC9CEB8-8B4A-11D0-8D11-00A0C91BC942}") = "W-ATLOLEDBStatic", "W-ATLOLEDBStatic\W-ATLOLEDBStatic.vcproj", "{23FECB2C-30D8-462B-A8F4-EA232C6E6166}"
EndProject
Project("{8BC9CEB8-8B4A-11D0-8D11-00A0C91BC942}") = "W-ATLOLEDBDynamic", "W-ATLOLEDBDynamic\W-ATLOLEDBDynamic.vcproj", "{43A4CA32-0ACA-4B71-807E-FCD7FD2E573C}"
EndProject
Project("{8BC9CEB8-8B4A-11D0-8D11-00A0C91BC942}") = "X-ADO", "X-ADO\X-ADO.vcproj", "{0490E675-3B90-4D87-93A0-267973A25D95}"
EndProject
Global
	GlobalSection(SolutionConfigurationPlatforms) = preSolution
		Debug|Win32 = Debug|Win32
		Release|Win32 = Release|Win32
	EndGlobalSection
	GlobalSection(ProjectConfigurationPlatforms) = postSolution
		{AAFBD3B8-DB7F-4FBB-BB87-AA98B4220D09}.Debug|Win32.ActiveCfg = Debug|Win32
		{AAFBD3B8-DB7F-4FBB-BB87-AA98B4220D09}.Debug|Win32.Build.0 = Debug|Win32
		{AAFBD3B8-DB7F-4FBB-BB87-AA98B4220D09}.Release|Win32.ActiveCfg = Release|Win32
		{AAFBD3B8-DB7F-4FBB-BB87-AA98B4220D09}.Release|Win32.Build.0 = Release|Win32
		{C04680E9-FB69-4A5F-BCA7-B239A12D0C9E}.Debug|Win32.ActiveCfg = Debug|Win32
		{C04680E9-FB69-4A5F-BCA7-B239A12D0C9E}.Debug|Win32.Build.0 = Debug|Win32
		{C04680E9-FB69-4A5F-BCA7-B239A12D0C9E}.Release|Win32.ActiveCfg = Release|Win32
		{C04680E9-FB69-4A5F-BCA7-B239A12D0C9E}.Release|Win32.Build.0 = Release|Win32
		{4A09F644-FC2D-4D21-A53F-1CEA3ECF137F}.Debug|Win32.ActiveCfg = Debug|Win32
		{4A09F644-FC2D-4D21-A53F-1CEA3ECF137F}.Debug|Win32.Build.0 = Debug|Win32
		{4A09F644-FC2D-4D21-A53F-1CEA3ECF137F}.Release|Win32.ActiveCfg = Release|Win32
		{4A09F644-FC2D-4D21-A53F-1CEA3ECF137F}.Release|Win32.Build.0 = Release|Win32
		{DA025521-7ECE-43F0-88FF-881371B188EA}.Debug|Win32.ActiveCfg = Debug|Win32
		{DA025521-7ECE-43F0-88FF-881371B188EA}.Debug|Win32.Build.0 = Debug|Win32
		{DA025521-7ECE-43F0-88FF-881371B188EA}.Release|Win32.ActiveCfg = Release|Win32
		{DA025521-7ECE-43F0-88FF-881371B188EA}.Release|Win32.Build.0 = Release|Win32
		{17B008D0-53E9-43D2-865B-7F5B4A2EB062}.Debug|Win32.ActiveCfg = Debug|Win32
		{17B008D0-53E9-43D2-865B-7F5B4A2EB062}.Debug|Win32.Build.0 = Debug|Win32
		{17B008D0-53E9-43D2-865B-7F5B4A2EB062}.Release|Win32.ActiveCfg = Release|Win32
		{17B008D0-53E9-43D2-865B-7F5B4A2EB062}.Release|Win32.Build.0 = Release|Win32
		{6652EEB0-8726-4B94-BC16-022DB01FE1A3}.Debug|Win32.ActiveCfg = Debug|Win32
		{6652EEB0-8726-4B94-BC16-022DB01FE1A3}.Debug|Win32.Build.0 = Debug|Win32
		{6652EEB0-8726-4B94-BC16-022DB01FE1A3}.Release|Win32.ActiveCfg = Release|Win32
		{6652EEB0-8726-4B94-BC16-022DB01FE1A3}.Release|Win32.Build.0 = Release|Win32
		{E2D40773-F284-43AB-9160-FA7EDA8DB36D}.Debug|Win32.ActiveCfg = Debug|Win32
		{E2D40773-F284-43AB-9160-FA7EDA8DB36D}.Debug|Win32.Build.0 = Debug|Win32
		{E2D40773-F284-43AB-9160-FA7EDA8DB36D}.Release|Win32.ActiveCfg = Release|Win32
		{E2D40773-F284-43AB-9160-FA7EDA8DB36D}.Release|Win32.Build.0 = Release|Win32
		{05107036-A610-4DC1-8A6F-4DA15FA9A075}.Debug|Win32.ActiveCfg = Debug|Win32
		{05107036-A610-4DC1-8A6F-4DA15FA9A075}.Debug|Win32.Build.0 = Debug|Win32
		{05107036-A610-4DC1-8A6F-4DA15FA9A075}.Release|Win32.ActiveCfg = Release|Win32
		{05107036-A610-4DC1-8A6F-4DA15FA9A075}.Release|Win32.Build.0 = Release|Win32
		{51CD30E5-E6AD-4FE6-A309-7C08937B3C92}.Debug|Win32.ActiveCfg = Debug|Win32
		{51CD30E5-E6AD-4FE6-A309-7C08937B3C92}.Debug|Win32.Build.0 = Debug|Win32
		{51CD30E5-E6AD-4FE6-A309-7C08937B3C92}.Release|Win32.ActiveCfg = Release|Win32
		{51CD30E5-E6AD-4FE6-A309-7C08937B3C92}.Release|Win32.Build.0 = Release|Win32
		{BFC524AA-4BD5-4A94-8B81-DA7CD0477A34}.Debug|Win32.ActiveCfg = Debug|Win32
		{BFC524AA-4BD5-4A94-8B81-DA7CD0477A34}.Debug|Win32.Build.0 = Debug|Win32
		{BFC524AA-4BD5-4A94-8B81-DA7CD0477A34}.Release|Win32.ActiveCfg = Release|Win32
		{BFC524AA-4BD5-4A94-8B81-DA7CD0477A34}.Release|Win32.Build.0 = Release|Win32
		{6474B718-CC88-4F56-83E3-7665AE118542}.Debug|Win32.ActiveCfg = Debug|Win32
		{6474B718-CC88-4F56-83E3-7665AE118542}.Debug|Win32.Build.0 = Debug|Win32
		{6474B718-CC88-4F56-83E3-7665AE118542}.Release|Win32.ActiveCfg = Release|Win32
		{6474B718-CC88-4F56-83E3-7665AE118542}.Release|Win32.Build.0 = Release|Win32
		{E865EA41-7B67-40DD-A289-B47B4B0B904C}.Debug|Win32.ActiveCfg = Debug|Win32
		{E865EA41-7B67-40DD-A289-B47B4B0B904C}.Debug|Win32.Build.0 = Debug|Win32
		{E865EA41-7B67-40DD-A289-B47B4B0B904C}.Release|Win32.ActiveCfg = Release|Win32
		{E865EA41-7B67-40DD-A289-B47B4B0B904C}.Release|Win32.Build.0 = Release|Win32
		{7C52F156-3C6D-4DED-A8DB-C02997EF0122}.Debug|Win32.ActiveCfg = Debug|Win32
		{7C52F156-3C6D-4DED-A8DB-C02997EF0122}.Debug|Win32.Build.0 = Debug|Win32
		{7C52F156-3C6D-4DED-A8DB-C02997EF0122}.Release|Win32.ActiveCfg = Release|Win32
		{7C52F156-3C6D-4DED-A8DB-C02997EF0122}.Release|Win32.Build.0 = Release|Win32
		{A133FDB2-86DD-43BE-97CC-C3811BE3E6F6}.Debug|Win32.ActiveCfg = Debug|Win32
		{A133FDB2-86DD-43BE-97CC-C3811BE3E6F6}.Debug|Win32.Build.0 = Debug|Win32
		{A133FDB2-86DD-43BE-97CC-C3811BE3E6F6}.Release|Win32.ActiveCfg = Release|Win32
		{A133FDB2-86DD-43BE-97CC-C3811BE3E6F6}.Release|Win32.Build.0 = Release|Win32
		{2C310422-8523-4580-A8E3-56555B50312E}.Debug|Win32.ActiveCfg = Debug|Win32
		{2C310422-8523-4580-A8E3-56555B50312E}.Debug|Win32.Build.0 = Debug|Win32
		{2C310422-8523-4580-A8E3-56555B50312E}.Release|Win32.ActiveCfg = Release|Win32
		{2C310422-8523-4580-A8E3-56555B50312E}.Release|Win32.Build.0 = Release|Win32
		{08756827-4A12-46D6-9864-96F86C67069C}.Debug|Win32.ActiveCfg = Debug|Win32
		{08756827-4A12-46D6-9864-96F86C67069C}.Debug|Win32.Build.0 = Debug|Win32
		{08756827-4A12-46D6-9864-96F86C67069C}.Release|Win32.ActiveCfg = Release|Win32
		{08756827-4A12-46D6-9864-96F86C67069C}.Release|Win32.Build.0 = Release|Win32
		{5C8639AC-86A8-4F0B-A58D-04ADA09339EE}.Debug|Win32.ActiveCfg = Debug|Win32
		{5C8639AC-86A8-4F0B-A58D-04ADA09339EE}.Debug|Win32.Build.0 = Debug|Win32
		{5C8639AC-86A8-4F0B-A58D-04ADA09339EE}.Release|Win32.ActiveCfg = Release|Win32
		{5C8639AC-86A8-4F0B-A58D-04ADA09339EE}.Release|Win32.Build.0 = Release|Win32
		{B99F5D6B-B145-4916-85B2-70212DA6E649}.Debug|Win32.ActiveCfg = Debug|Win32
		{B99F5D6B-B145-4916-85B2-70212DA6E649}.Debug|Win32.Build.0 = Debug|Win32
		{B99F5D6B-B145-4916-85B2-70212DA6E649}.Release|Win32.ActiveCfg = Release|Win32
		{B99F5D6B-B145-4916-85B2-70212DA6E649}.Release|Win32.Build.0 = Release|Win32
		{7F0E6477-1BE5-4E8D-96BE-E18326B208C6}.Debug|Win32.ActiveCfg = Debug|Win32
		{7F0E6477-1BE5-4E8D-96BE-E18326B208C6}.Debug|Win32.Build.0 = Debug|Win32
		{7F0E6477-1BE5-4E8D-96BE-E18326B208C6}.Release|Win32.ActiveCfg = Release|Win32
		{7F0E6477-1BE5-4E8D-96BE-E18326B208C6}.Release|Win32.Build.0 = Release|Win32
		{35F18324-5CAF-4C85-BC0A-C378D71E2A68}.Debug|Win32.ActiveCfg = Debug|Win32
		{35F18324-5CAF-4C85-BC0A-C378D71E2A68}.Debug|Win32.Build.0 = Debug|Win32
		{35F18324-5CAF-4C85-BC0A-C378D71E2A68}.Release|Win32.ActiveCfg = Release|Win32
		{35F18324-5CAF-4C85-BC0A-C378D71E2A68}.Release|Win32.Build.0 = Release|Win32
		{9F8BF1EE-CFF0-42F7-A95C-9887F1AF23EF}.Debug|Win32.ActiveCfg = Debug|Win32
		{9F8BF1EE-CFF0-42F7-A95C-9887F1AF23EF}.Debug|Win32.Build.0 = Debug|Win32
		{9F8BF1EE-CFF0-42F7-A95C-9887F1AF23EF}.Release|Win32.ActiveCfg = Release|Win32
		{9F8BF1EE-CFF0-42F7-A95C-9887F1AF23EF}.Release|Win32.Build.0 = Release|Win32
		{BD7C74C8-EF3F-4A2F-9147-2D4761D0F352}.Debug|Win32.ActiveCfg = Debug|Win32
		{BD7C74C8-EF3F-4A2F-9147-2D4761D0F352}.Debug|Win32.Build.0 = Debug|Win32
		{BD7C74C8-EF3F-4A2F-9147-2D4761D0F352}.Release|Win32.ActiveCfg = Release|Win32
		{BD7C74C8-EF3F-4A2F-9147-2D4761D0F352}.Release|Win32.Build.0 = Release|Win32
		{8B5D7C4D-3DDD-4DC6-98C9-DD935C46C644}.Debug|Win32.ActiveCfg = Debug|Win32
		{8B5D7C4D-3DDD-4DC6-98C9-DD935C46C644}.Debug|Win32.Build.0 = Debug|Win32
		{8B5D7C4D-3DDD-4DC6-98C9-DD935C46C644}.Release|Win32.ActiveCfg = Release|Win32
		{8B5D7C4D-3DDD-4DC6-98C9-DD935C46C644}.Release|Win32.Build.0 = Release|Win32
		{23FECB2C-30D8-462B-A8F4-EA232C6E6166}.Debug|Win32.ActiveCfg = Debug|Win32
		{23FECB2C-30D8-462B-A8F4-EA232C6E6166}.Debug|Win32.Build.0 = Debug|Win32
		{23FECB2C-30D8-462B-A8F4-EA232C6E6166}.Release|Win32.ActiveCfg = Release|Win32
		{23FECB2C-30D8-462B-A8F4-EA232C6E6166}.Release|Win32.Build.0 = Release|Win32
		{43A4CA32-0ACA-4B71-807E-FCD7FD2E573C}.Debug|Win32.ActiveCfg = Debug|Win32
		{43A4CA32-0ACA-4B71-807E-FCD7FD2E573C}.Debug|Win32.Build.0 = Debug|Win32
		{43A4CA32-0ACA-4B71-807E-FCD7FD2E573C}.Release|Win32.ActiveCfg = Release|Win32
		{43A4CA32-0ACA-4B71-807E-FCD7FD2E573C}.Release|Win32.Build.0 = Release|Win32
		{0490E675-3B90-4D87-93A0-267973A25D95}.Debug|Win32.ActiveCfg = Debug|Win32
		{0490E675-3B90-4D87-93A0-267973A25D95}.Debug|Win32.Build.0 = Debug|Win32
		{0490E675-3B90-4D87-93A0-267973A25D95}.Release|Win32.ActiveCfg = Release|Win32
		{0490E675-3B90-4D87-93A0-267973A25D95}.Release|Win32.Build.0 = Release|Win32
	EndGlobalSection
	GlobalSection(SolutionProperties) = preSolution
		HideSolutionNode = FALSE
	EndGlobalSection
EndGlobal
